
Microsoft Visual Studio Solution File, Format Version 12.00
# Visual Studio 14
VisualStudioVersion = 14.0.25420.1
MinimumVisualStudioVersion = 10.0.40219.1
Project("{FAE04EC0-301F-11D3-BF4B-00C04F79EFBC}") = "Server", "Server\Server.csproj", "{609A3EFD-DA01-4C60-8649-A5C752AD3A0B}"
EndProject
Project("{FAE04EC0-301F-11D3-BF4B-00C04F79EFBC}") = "Client", "Client\Client.csproj", "{C594C294-DF6B-464E-9E4A-71317154F519}"
EndProject
Project("{FAE04EC0-301F-11D3-BF4B-00C04F79EFBC}") = "Common", "Common\Common.csproj", "{35583D0E-A975-4F16-8D24-5C0E90608931}"
EndProject
Project("{FAE04EC0-301F-11D3-BF4B-00C04F79EFBC}") = "ServerManagement", "ServerManagement\ServerManagement.csproj", "{133EDD02-8042-471D-8ECF-0BF8FD69FE0F}"
EndProject
Project("{FAE04EC0-301F-11D3-BF4B-00C04F79EFBC}") = "ClientManagement", "ClientManagement\ClientManagement.csproj", "{6462C5EE-BE8C-4587-9E16-8CAF1B59D9F0}"
EndProject
Global
	GlobalSection(SolutionConfigurationPlatforms) = preSolution
		Debug|Any CPU = Debug|Any CPU
		Release|Any CPU = Release|Any CPU
	EndGlobalSection
	GlobalSection(ProjectConfigurationPlatforms) = postSolution
		{609A3EFD-DA01-4C60-8649-A5C752AD3A0B}.Debug|Any CPU.ActiveCfg = Debug|Any CPU
		{609A3EFD-DA01-4C60-8649-A5C752AD3A0B}.Debug|Any CPU.Build.0 = Debug|Any CPU
		{609A3EFD-DA01-4C60-8649-A5C752AD3A0B}.Release|Any CPU.ActiveCfg = Release|Any CPU
		{609A3EFD-DA01-4C60-8649-A5C752AD3A0B}.Release|Any CPU.Build.0 = Release|Any CPU
		{C594C294-DF6B-464E-9E4A-71317154F519}.Debug|Any CPU.ActiveCfg = Debug|Any CPU
		{C594C294-DF6B-464E-9E4A-71317154F519}.Debug|Any CPU.Build.0 = Debug|Any CPU
		{C594C294-DF6B-464E-9E4A-71317154F519}.Release|Any CPU.ActiveCfg = Release|Any CPU
		{C594C294-DF6B-464E-9E4A-71317154F519}.Release|Any CPU.Build.0 = Release|Any CPU
		{35583D0E-A975-4F16-8D24-5C0E90608931}.Debug|Any CPU.ActiveCfg = Debug|Any CPU
		{35583D0E-A975-4F16-8D24-5C0E90608931}.Debug|Any CPU.Build.0 = Debug|Any CPU
		{35583D0E-A975-4F16-8D24-5C0E90608931}.Release|Any CPU.ActiveCfg = Release|Any CPU
		{35583D0E-A975-4F16-8D24-5C0E90608931}.Release|Any CPU.Build.0 = Release|Any CPU
		{133EDD02-8042-471D-8ECF-0BF8FD69FE0F}.Debug|Any CPU.ActiveCfg = Debug|Any CPU
		{133EDD02-8042-471D-8ECF-0BF8FD69FE0F}.Debug|Any CPU.Build.0 = Debug|Any CPU
		{133EDD02-8042-471D-8ECF-0BF8FD69FE0F}.Release|Any CPU.ActiveCfg = Release|Any CPU
		{133EDD02-8042-471D-8ECF-0BF8FD69FE0F}.Release|Any CPU.Build.0 = Release|Any CPU
		{6462C5EE-BE8C-4587-9E16-8CAF1B59D9F0}.Debug|Any CPU.ActiveCfg = Debug|Any CPU
		{6462C5EE-BE8C-4587-9E16-8CAF1B59D9F0}.Debug|Any CPU.Build.0 = Debug|Any CPU
		{6462C5EE-BE8C-4587-9E16-8CAF1B59D9F0}.Release|Any CPU.ActiveCfg = Release|Any CPU
		{6462C5EE-BE8C-4587-9E16-8CAF1B59D9F0}.Release|Any CPU.Build.0 = Release|Any CPU
	EndGlobalSection
	GlobalSection(SolutionProperties) = preSolution
		HideSolutionNode = FALSE
	EndGlobalSection
EndGlobal
